
Microsoft Visual Studio Solution File, Format Version 12.00
# Visual Studio 15
VisualStudioVersion = 15.0.26124.0
MinimumVisualStudioVersion = 15.0.26124.0
Project("{FAE04EC0-301F-11D3-BF4B-00C04F79EFBC}") = "Regiment", "Regiment\Regiment.csproj", "{70A2F816-6B30-4CB5-B894-B32CFBF7CB18}"
EndProject
Project("{FAE04EC0-301F-11D3-BF4B-00C04F79EFBC}") = "Regiment.Test", "Regiment.Test\Regiment.Test.csproj", "{D51CD71C-F222-485E-B6FB-9A8B8B123691}"
EndProject
Global
	GlobalSection(SolutionProperties) = preSolution
		HideSolutionNode = FALSE
	EndGlobalSection
	GlobalSection(ExtensibilityGlobals) = postSolution
		SolutionGuid = {89F9AD46-F254-4D64-98E4-BCDC843BEC53}
	EndGlobalSection
	GlobalSection(SolutionConfigurationPlatforms) = preSolution
		Debug|Any CPU = Debug|Any CPU
		Debug|x64 = Debug|x64
		Debug|x86 = Debug|x86
		Release|Any CPU = Release|Any CPU
		Release|x64 = Release|x64
		Release|x86 = Release|x86
	EndGlobalSection
	GlobalSection(ProjectConfigurationPlatforms) = postSolution
		{70A2F816-6B30-4CB5-B894-B32CFBF7CB18}.Debug|Any CPU.ActiveCfg = Debug|Any CPU
		{70A2F816-6B30-4CB5-B894-B32CFBF7CB18}.Debug|Any CPU.Build.0 = Debug|Any CPU
		{70A2F816-6B30-4CB5-B894-B32CFBF7CB18}.Debug|x64.ActiveCfg = Debug|Any CPU
		{70A2F816-6B30-4CB5-B894-B32CFBF7CB18}.Debug|x64.Build.0 = Debug|Any CPU
		{70A2F816-6B30-4CB5-B894-B32CFBF7CB18}.Debug|x86.ActiveCfg = Debug|Any CPU
		{70A2F816-6B30-4CB5-B894-B32CFBF7CB18}.Debug|x86.Build.0 = Debug|Any CPU
		{70A2F816-6B30-4CB5-B894-B32CFBF7CB18}.Release|Any CPU.ActiveCfg = Release|Any CPU
		{70A2F816-6B30-4CB5-B894-B32CFBF7CB18}.Release|Any CPU.Build.0 = Release|Any CPU
		{70A2F816-6B30-4CB5-B894-B32CFBF7CB18}.Release|x64.ActiveCfg = Release|Any CPU
		{70A2F816-6B30-4CB5-B894-B32CFBF7CB18}.Release|x64.Build.0 = Release|Any CPU
		{70A2F816-6B30-4CB5-B894-B32CFBF7CB18}.Release|x86.ActiveCfg = Release|Any CPU
		{70A2F816-6B30-4CB5-B894-B32CFBF7CB18}.Release|x86.Build.0 = Release|Any CPU
		{D51CD71C-F222-485E-B6FB-9A8B8B123691}.Debug|Any CPU.ActiveCfg = Debug|Any CPU
		{D51CD71C-F222-485E-B6FB-9A8B8B123691}.Debug|Any CPU.Build.0 = Debug|Any CPU
		{D51CD71C-F222-485E-B6FB-9A8B8B123691}.Debug|x64.ActiveCfg = Debug|Any CPU
		{D51CD71C-F222-485E-B6FB-9A8B8B123691}.Debug|x64.Build.0 = Debug|Any CPU
		{D51CD71C-F222-485E-B6FB-9A8B8B123691}.Debug|x86.ActiveCfg = Debug|Any CPU
		{D51CD71C-F222-485E-B6FB-9A8B8B123691}.Debug|x86.Build.0 = Debug|Any CPU
		{D51CD71C-F222-485E-B6FB-9A8B8B123691}.Release|Any CPU.ActiveCfg = Release|Any CPU
		{D51CD71C-F222-485E-B6FB-9A8B8B123691}.Release|Any CPU.Build.0 = Release|Any CPU
		{D51CD71C-F222-485E-B6FB-9A8B8B123691}.Release|x64.ActiveCfg = Release|Any CPU
		{D51CD71C-F222-485E-B6FB-9A8B8B123691}.Release|x64.Build.0 = Release|Any CPU
		{D51CD71C-F222-485E-B6FB-9A8B8B123691}.Release|x86.ActiveCfg = Release|Any CPU
		{D51CD71C-F222-485E-B6FB-9A8B8B123691}.Release|x86.Build.0 = Release|Any CPU
	EndGlobalSection
EndGlobal
