
Microsoft Visual Studio Solution File, Format Version 12.00
# Visual Studio Version 16
VisualStudioVersion = 16.0.28803.452
MinimumVisualStudioVersion = 15.0.26124.0
Project("{9A19103F-16F7-4668-BE54-9A1E7A4F7556}") = "Regi.Test", "Regi.Test\Regi.Test.csproj", "{9F3B28CC-0FF9-4282-B2C8-E926E9B2BB65}"
EndProject
Project("{9A19103F-16F7-4668-BE54-9A1E7A4F7556}") = "Regi.CommandLine", "Regi.CommandLine\Regi.CommandLine.csproj", "{BF34CB1C-6D85-49EA-9D82-8B130D53F93D}"
EndProject
Project("{9A19103F-16F7-4668-BE54-9A1E7A4F7556}") = "Regi", "Regi\Regi.csproj", "{4F8400DB-35E6-4C48-8052-E6267415504A}"
EndProject
Global
	GlobalSection(SolutionConfigurationPlatforms) = preSolution
		Debug|Any CPU = Debug|Any CPU
		Release|Any CPU = Release|Any CPU
	EndGlobalSection
	GlobalSection(ProjectConfigurationPlatforms) = postSolution
		{9F3B28CC-0FF9-4282-B2C8-E926E9B2BB65}.Debug|Any CPU.ActiveCfg = Debug|Any CPU
		{9F3B28CC-0FF9-4282-B2C8-E926E9B2BB65}.Debug|Any CPU.Build.0 = Debug|Any CPU
		{9F3B28CC-0FF9-4282-B2C8-E926E9B2BB65}.Release|Any CPU.ActiveCfg = Release|Any CPU
		{9F3B28CC-0FF9-4282-B2C8-E926E9B2BB65}.Release|Any CPU.Build.0 = Release|Any CPU
		{BF34CB1C-6D85-49EA-9D82-8B130D53F93D}.Debug|Any CPU.ActiveCfg = Debug|Any CPU
		{BF34CB1C-6D85-49EA-9D82-8B130D53F93D}.Debug|Any CPU.Build.0 = Debug|Any CPU
		{BF34CB1C-6D85-49EA-9D82-8B130D53F93D}.Release|Any CPU.ActiveCfg = Release|Any CPU
		{BF34CB1C-6D85-49EA-9D82-8B130D53F93D}.Release|Any CPU.Build.0 = Release|Any CPU
		{4F8400DB-35E6-4C48-8052-E6267415504A}.Debug|Any CPU.ActiveCfg = Debug|Any CPU
		{4F8400DB-35E6-4C48-8052-E6267415504A}.Debug|Any CPU.Build.0 = Debug|Any CPU
		{4F8400DB-35E6-4C48-8052-E6267415504A}.Release|Any CPU.ActiveCfg = Release|Any CPU
		{4F8400DB-35E6-4C48-8052-E6267415504A}.Release|Any CPU.Build.0 = Release|Any CPU
	EndGlobalSection
	GlobalSection(SolutionProperties) = preSolution
		HideSolutionNode = FALSE
	EndGlobalSection
	GlobalSection(ExtensibilityGlobals) = postSolution
		SolutionGuid = {89F9AD46-F254-4D64-98E4-BCDC843BEC53}
	EndGlobalSection
EndGlobal
