
Microsoft Visual Studio Solution File, Format Version 12.00
# Visual Studio Version 16
VisualStudioVersion = 16.0.28803.452
MinimumVisualStudioVersion = 15.0.26124.0
Project("{9A19103F-16F7-4668-BE54-9A1E7A4F7556}") = "Regi", "Regi\Regi.csproj", "{4146FE86-D9DD-4EA0-B38F-E4666C7ECEB7}"
EndProject
Project("{9A19103F-16F7-4668-BE54-9A1E7A4F7556}") = "Regi.Test", "Regi.Test\Regi.Test.csproj", "{9F3B28CC-0FF9-4282-B2C8-E926E9B2BB65}"
EndProject
Project("{FAE04EC0-301F-11D3-BF4B-00C04F79EFBC}") = "Regi.CommandLine", "Regi.CommandLine\Regi.CommandLine.csproj", "{6DCFD8A9-2554-4477-98D4-194689E6D82D}"
EndProject
Global
	GlobalSection(SolutionConfigurationPlatforms) = preSolution
		Debug|Any CPU = Debug|Any CPU
		Release|Any CPU = Release|Any CPU
	EndGlobalSection
	GlobalSection(ProjectConfigurationPlatforms) = postSolution
		{4146FE86-D9DD-4EA0-B38F-E4666C7ECEB7}.Debug|Any CPU.ActiveCfg = Debug|Any CPU
		{4146FE86-D9DD-4EA0-B38F-E4666C7ECEB7}.Debug|Any CPU.Build.0 = Debug|Any CPU
		{4146FE86-D9DD-4EA0-B38F-E4666C7ECEB7}.Release|Any CPU.ActiveCfg = Release|Any CPU
		{4146FE86-D9DD-4EA0-B38F-E4666C7ECEB7}.Release|Any CPU.Build.0 = Release|Any CPU
		{9F3B28CC-0FF9-4282-B2C8-E926E9B2BB65}.Debug|Any CPU.ActiveCfg = Debug|Any CPU
		{9F3B28CC-0FF9-4282-B2C8-E926E9B2BB65}.Debug|Any CPU.Build.0 = Debug|Any CPU
		{9F3B28CC-0FF9-4282-B2C8-E926E9B2BB65}.Release|Any CPU.ActiveCfg = Release|Any CPU
		{9F3B28CC-0FF9-4282-B2C8-E926E9B2BB65}.Release|Any CPU.Build.0 = Release|Any CPU
		{6DCFD8A9-2554-4477-98D4-194689E6D82D}.Debug|Any CPU.ActiveCfg = Debug|Any CPU
		{6DCFD8A9-2554-4477-98D4-194689E6D82D}.Debug|Any CPU.Build.0 = Debug|Any CPU
		{6DCFD8A9-2554-4477-98D4-194689E6D82D}.Release|Any CPU.ActiveCfg = Release|Any CPU
		{6DCFD8A9-2554-4477-98D4-194689E6D82D}.Release|Any CPU.Build.0 = Release|Any CPU
	EndGlobalSection
	GlobalSection(SolutionProperties) = preSolution
		HideSolutionNode = FALSE
	EndGlobalSection
	GlobalSection(ExtensibilityGlobals) = postSolution
		SolutionGuid = {89F9AD46-F254-4D64-98E4-BCDC843BEC53}
	EndGlobalSection
EndGlobal
